[[package]]
name = "ply"
version = "3.11"
description = "Python Lex & Yacc"
category = "dev"
optional = false
python-versions = "*"

[[package]]
name = "solidpython2"
version = "2.0.0b1"
description = "Python interface to the OpenSCAD declarative geometry language"
category = "dev"
optional = false
python-versions = ">=3.7"

[package.dependencies]
ply = ">=3.11,<4.0"

[metadata]
lock-version = "1.1"
python-versions = "^3.9"
content-hash = "e731d09cadac03add5bc054fa0a5914f81cfafbc22231af32309545748416161"

[metadata.files]
ply = [
    {file = "ply-3.11-py2.py3-none-any.whl", hash = "sha256:096f9b8350b65ebd2fd1346b12452efe5b9607f7482813ffca50c22722a807ce"},
    {file = "ply-3.11.tar.gz", hash = "sha256:00c7c1aaa88358b9c765b6d3000c6eec0ba42abca5351b095321aef446081da3"},
]
solidpython2 = [
    {file = "solidpython2-2.0.0b1-py3-none-any.whl", hash = "sha256:f7328e62cda29fb4f242e3a01a9a996ace771a16a37e2c7e609cbc7267d11440"},
    {file = "solidpython2-2.0.0b1.tar.gz", hash = "sha256:057618e45ce0fc5620902372777dc9ff3b334d0aa6dbb91c176e6d971353f58b"},
]
